Microsoft Visual Studio Solution File, Format Version 11.00
# Visual Studio 2008

Project("{A5D44275-1673-94CD-0286-1AAB477BCBD3}") = "JuegoQuimica", "Assembly-UnityScript.unityproj", "{6B13D841-8E33-91D0-85B2-6BE64BA8D731}"
EndProject
Global
	GlobalSection(SolutionConfigurationPlatforms) = preSolution
		Debug|Any CPU = Debug|Any CPU
		Release|Any CPU = Release|Any CPU
	EndGlobalSection
	GlobalSection(ProjectConfigurationPlatforms) = postSolution
		{6B13D841-8E33-91D0-85B2-6BE64BA8D731}.Debug|Any CPU.ActiveCfg = Debug|Any CPU
		{6B13D841-8E33-91D0-85B2-6BE64BA8D731}.Debug|Any CPU.Build.0 = Debug|Any CPU
		{6B13D841-8E33-91D0-85B2-6BE64BA8D731}.Release|Any CPU.ActiveCfg = Release|Any CPU
		{6B13D841-8E33-91D0-85B2-6BE64BA8D731}.Release|Any CPU.Build.0 = Release|Any CPU
	EndGlobalSection
	GlobalSection(SolutionProperties) = preSolution
		HideSolutionNode = FALSE
	EndGlobalSection
	GlobalSection(MonoDevelopProperties) = preSolution
		StartupItem = Assembly-CSharp.csproj
	EndGlobalSection
EndGlobal
